
Microsoft Visual Studio Solution File, Format Version 12.00
# Visual Studio Version 17
VisualStudioVersion = 17.2.32616.157
MinimumVisualStudioVersion = 10.0.40219.1
Project("{FAE04EC0-301F-11D3-BF4B-00C04F79EFBC}") = "TicTacToe", "TicTacToe\TicTacToe.csproj", "{3C2C7861-D17F-49E6-AE96-A050CC12E2FF}"
EndProject
Global
	GlobalSection(SolutionConfigurationPlatforms) = preSolution
		Debug|Any CPU = Debug|Any CPU
		Release|Any CPU = Release|Any CPU
	EndGlobalSection
	GlobalSection(ProjectConfigurationPlatforms) = postSolution
		{3C2C7861-D17F-49E6-AE96-A050CC12E2FF}.Debug|Any CPU.ActiveCfg = Debug|Any CPU
		{3C2C7861-D17F-49E6-AE96-A050CC12E2FF}.Debug|Any CPU.Build.0 = Debug|Any CPU
		{3C2C7861-D17F-49E6-AE96-A050CC12E2FF}.Release|Any CPU.ActiveCfg = Release|Any CPU
		{3C2C7861-D17F-49E6-AE96-A050CC12E2FF}.Release|Any CPU.Build.0 = Release|Any CPU
	EndGlobalSection
	GlobalSection(SolutionProperties) = preSolution
		HideSolutionNode = FALSE
	EndGlobalSection
	GlobalSection(ExtensibilityGlobals) = postSolution
		SolutionGuid = {927BA958-DC94-4F42-8C05-E8FB4AD971CF}
	EndGlobalSection
EndGlobal
